
Microsoft Visual Studio Solution File, Format Version 12.00
# Visual Studio Version 17
VisualStudioVersion = 17.6.33801.468
MinimumVisualStudioVersion = 10.0.40219.1
Project("{FAE04EC0-301F-11D3-BF4B-00C04F79EFBC}") = "WebApplication1", "WebApplication1\WebApplication1.csproj", "{FBC29890-D0BB-4407-A16E-31A9FD14F0E2}"
EndProject
Global
	GlobalSection(SolutionConfigurationPlatforms) = preSolution
		Debug|Any CPU = Debug|Any CPU
		Release|Any CPU = Release|Any CPU
	EndGlobalSection
	GlobalSection(ProjectConfigurationPlatforms) = postSolution
		{FBC29890-D0BB-4407-A16E-31A9FD14F0E2}.Debug|Any CPU.ActiveCfg = Debug|Any CPU
		{FBC29890-D0BB-4407-A16E-31A9FD14F0E2}.Debug|Any CPU.Build.0 = Debug|Any CPU
		{FBC29890-D0BB-4407-A16E-31A9FD14F0E2}.Release|Any CPU.ActiveCfg = Release|Any CPU
		{FBC29890-D0BB-4407-A16E-31A9FD14F0E2}.Release|Any CPU.Build.0 = Release|Any CPU
	EndGlobalSection
	GlobalSection(SolutionProperties) = preSolution
		HideSolutionNode = FALSE
	EndGlobalSection
	GlobalSection(ExtensibilityGlobals) = postSolution
		SolutionGuid = {45440832-6B6D-4536-A379-721B3783AEA6}
	EndGlobalSection
EndGlobal
